
Microsoft Visual Studio Solution File, Format Version 12.00
# Visual Studio Version 17
VisualStudioVersion = 17.6.33815.320
MinimumVisualStudioVersion = 10.0.40219.1
Project("{FAE04EC0-301F-11D3-BF4B-00C04F79EFBC}") = "EcommerceWeb", "EcommerceWeb.csproj", "{816D173C-2886-47ED-B424-E30FAB9BCDFB}"
EndProject
Global
	GlobalSection(SolutionConfigurationPlatforms) = preSolution
		Debug|Any CPU = Debug|Any CPU
		Release|Any CPU = Release|Any CPU
	EndGlobalSection
	GlobalSection(ProjectConfigurationPlatforms) = postSolution
		{816D173C-2886-47ED-B424-E30FAB9BCDFB}.Debug|Any CPU.ActiveCfg = Debug|Any CPU
		{816D173C-2886-47ED-B424-E30FAB9BCDFB}.Debug|Any CPU.Build.0 = Debug|Any CPU
		{816D173C-2886-47ED-B424-E30FAB9BCDFB}.Release|Any CPU.ActiveCfg = Release|Any CPU
		{816D173C-2886-47ED-B424-E30FAB9BCDFB}.Release|Any CPU.Build.0 = Release|Any CPU
	EndGlobalSection
	GlobalSection(SolutionProperties) = preSolution
		HideSolutionNode = FALSE
	EndGlobalSection
	GlobalSection(ExtensibilityGlobals) = postSolution
		SolutionGuid = {FDFA849B-9744-4CAC-956E-6BB84B023C48}
	EndGlobalSection
EndGlobal
